// !$*UTF8*$!
{
	archiveVersion = 1;
	classes = {
	};
	objectVersion = 48;
	objects = {

/* Begin PBXBuildFile section */
		5D255EF7E415E172A86A8F28 /* Pods_fikit.framework in Frameworks */ = {isa = PBXBuildFile; fileRef = 1DD7E66F75ADD080D8981F4E /* Pods_fikit.framework */; };
		8629F4C81FA75D5000DBD7F0 /* AppDelegate.swift in Sources */ = {isa = PBXBuildFile; fileRef = 8629F4C71FA75D5000DBD7F0 /* AppDelegate.swift */; };
		8629F4CA1FA75D5000DBD7F0 /* ViewController.swift in Sources */ = {isa = PBXBuildFile; fileRef = 8629F4C91FA75D5000DBD7F0 /* ViewController.swift */; };
		8629F4CF1FA75D5000DBD7F0 /* Assets.xcassets in Resources */ = {isa = PBXBuildFile; fileRef = 8629F4CE1FA75D5000DBD7F0 /* Assets.xcassets */; };
		8629F4D21FA75D5000DBD7F0 /* LaunchScreen.storyboard in Resources */ = {isa = PBXBuildFile; fileRef = 8629F4D01FA75D5000DBD7F0 /* LaunchScreen.storyboard */; };
		8629F4DD1FA75D5000DBD7F0 /* fikitTests.swift in Sources */ = {isa = PBXBuildFile; fileRef = 8629F4DC1FA75D5000DBD7F0 /* fikitTests.swift */; };
		863A0FB11FF2699100BCCD84 /* SettingsViewController.swift in Sources */ = {isa = PBXBuildFile; fileRef = 863A0FB01FF2699100BCCD84 /* SettingsViewController.swift */; };
		8674B09B1FCDAF620070C0D0 /* settings.storyboard in Resources */ = {isa = PBXBuildFile; fileRef = 8674B09A1FCDAF620070C0D0 /* settings.storyboard */; };
		86D4C5511FCC5F2500D75DCC /* GoogleService-Info.plist in Resources */ = {isa = PBXBuildFile; fileRef = 86D4C5501FCC5F2500D75DCC /* GoogleService-Info.plist */; };
		86D4C5571FCC678D00D75DCC /* Main.storyboard in Resources */ = {isa = PBXBuildFile; fileRef = 86D4C5551FCC678D00D75DCC /* Main.storyboard */; };
		86D4C5591FCC67F500D75DCC /* fikaright.storyboard in Resources */ = {isa = PBXBuildFile; fileRef = 86D4C5581FCC67F500D75DCC /* fikaright.storyboard */; };
		86D4C55D1FCD4FDF00D75DCC /* GoFikaViewController.swift in Sources */ = {isa = PBXBuildFile; fileRef = 86D4C55C1FCD4FDF00D75DCC /* GoFikaViewController.swift */; };
		86D4C5621FCD561E00D75DCC /* FikarumViewController.swift in Sources */ = {isa = PBXBuildFile; fileRef = 86D4C5611FCD561E00D75DCC /* FikarumViewController.swift */; };
		86D4C5641FCD576A00D75DCC /* FikarumPhotoCell.swift in Sources */ = {isa = PBXBuildFile; fileRef = 86D4C5631FCD576A00D75DCC /* FikarumPhotoCell.swift */; };
		86D4C5671FCD59B500D75DCC /* inviteFriendViewController.swift in Sources */ = {isa = PBXBuildFile; fileRef = 86D4C5651FCD59B400D75DCC /* inviteFriendViewController.swift */; };
		9CF8F1D8E01D4CB0E9EA0034 /* Pods_fikitTests.framework in Frameworks */ = {isa = PBXBuildFile; fileRef = B4B00E6CAB2B3E47D577A335 /* Pods_fikitTests.framework */; };
		A732F69B1FB708C30096C287 /* SignUpViewController.swift in Sources */ = {isa = PBXBuildFile; fileRef = A732F69A1FB708C30096C287 /* SignUpViewController.swift */; };
		A732F69D1FB7104D0096C287 /* LoginViewController.swift in Sources */ = {isa = PBXBuildFile; fileRef = A732F69C1FB7104C0096C287 /* LoginViewController.swift */; };
		A732F6A11FB71C340096C287 /* ResetPasswordViewController.swift in Sources */ = {isa = PBXBuildFile; fileRef = A732F6A01FB71C340096C287 /* ResetPasswordViewController.swift */; };
		A7A63E021FF64C0800D7B545 /* ProfileViewController.swift in Sources */ = {isa = PBXBuildFile; fileRef = A7A63E011FF64C0800D7B545 /* ProfileViewController.swift */; };
		A7AB19D61FF3E04D00F59B2C /* DataModel.swift in Sources */ = {isa = PBXBuildFile; fileRef = A7AB19D51FF3E04C00F59B2C /* DataModel.swift */; };
		A7E994E71FB23E1400566902 /* fikit in Resources */ = {isa = PBXBuildFile; fileRef = A7E994E61FB23E1400566902 /* fikit */; };
/* End PBXBuildFile section */

/* Begin PBXContainerItemProxy section */
		8629F4D91FA75D5000DBD7F0 /* PBXContainerItemProxy */ = {
			isa = PBXContainerItemProxy;
			containerPortal = 8629F4BC1FA75D5000DBD7F0 /* Project object */;
			proxyType = 1;
			remoteGlobalIDString = 8629F4C31FA75D5000DBD7F0;
			remoteInfo = fikit;
		};
/* End PBXContainerItemProxy section */

/* Begin PBXFileReference section */
		1DD7E66F75ADD080D8981F4E /* Pods_fikit.framework */ = {isa = PBXFileReference; explicitFileType = wrapper.framework; includeInIndex = 0; path = Pods_fikit.framework; sourceTree = BUILT_PRODUCTS_DIR; };
		1E8990673970279B41BBF0A2 /* Pods-fikitTests.release.xcconfig */ = {isa = PBXFileReference; includeInIndex = 1; lastKnownFileType = text.xcconfig; name = "Pods-fikitTests.release.xcconfig"; path = "Pods/Target Support Files/Pods-fikitTests/Pods-fikitTests.release.xcconfig"; sourceTree = "<group>"; };
		1F0BB4938FEE3DBB258506FA /* Pods-fikit.release.xcconfig */ = {isa = PBXFileReference; includeInIndex = 1; lastKnownFileType = text.xcconfig; name = "Pods-fikit.release.xcconfig"; path = "Pods/Target Support Files/Pods-fikit/Pods-fikit.release.xcconfig"; sourceTree = "<group>"; };
		38CD2F7268B04C14AFA5E0DD /* Pods-fikit.debug.xcconfig */ = {isa = PBXFileReference; includeInIndex = 1; lastKnownFileType = text.xcconfig; name = "Pods-fikit.debug.xcconfig"; path = "Pods/Target Support Files/Pods-fikit/Pods-fikit.debug.xcconfig"; sourceTree = "<group>"; };
		818D8D457888BD3641C30237 /* Pods-fikitTests.debug.xcconfig */ = {isa = PBXFileReference; includeInIndex = 1; lastKnownFileType = text.xcconfig; name = "Pods-fikitTests.debug.xcconfig"; path = "Pods/Target Support Files/Pods-fikitTests/Pods-fikitTests.debug.xcconfig"; sourceTree = "<group>"; };
		8629F4C41FA75D5000DBD7F0 /* fikit.app */ = {isa = PBXFileReference; explicitFileType = wrapper.application; includeInIndex = 0; path = fikit.app; sourceTree = BUILT_PRODUCTS_DIR; };
		8629F4C71FA75D5000DBD7F0 /* AppDelegate.swift */ = {isa = PBXFileReference; lastKnownFileType = sourcecode.swift; path = AppDelegate.swift; sourceTree = "<group>"; };
		8629F4C91FA75D5000DBD7F0 /* ViewController.swift */ = {isa = PBXFileReference; lastKnownFileType = sourcecode.swift; path = ViewController.swift; sourceTree = "<group>"; };
		8629F4CE1FA75D5000DBD7F0 /* Assets.xcassets */ = {isa = PBXFileReference; lastKnownFileType = folder.assetcatalog; path = Assets.xcassets; sourceTree = "<group>"; };
		8629F4D11FA75D5000DBD7F0 /* Base */ = {isa = PBXFileReference; lastKnownFileType = file.storyboard; name = Base; path = Base.lproj/LaunchScreen.storyboard; sourceTree = "<group>"; };
		8629F4D31FA75D5000DBD7F0 /* Info.plist */ = {isa = PBXFileReference; lastKnownFileType = text.plist.xml; path = Info.plist; sourceTree = "<group>"; };
		8629F4D81FA75D5000DBD7F0 /* fikitTests.xctest */ = {isa = PBXFileReference; explicitFileType = wrapper.cfbundle; includeInIndex = 0; path = fikitTests.xctest; sourceTree = BUILT_PRODUCTS_DIR; };
		8629F4DC1FA75D5000DBD7F0 /* fikitTests.swift */ = {isa = PBXFileReference; lastKnownFileType = sourcecode.swift; path = fikitTests.swift; sourceTree = "<group>"; };
		8629F4DE1FA75D5000DBD7F0 /* Info.plist */ = {isa = PBXFileReference; lastKnownFileType = text.plist.xml; path = Info.plist; sourceTree = "<group>"; };
		863A0FB01FF2699100BCCD84 /* SettingsViewController.swift */ = {isa = PBXFileReference; lastKnownFileType = sourcecode.swift; path = SettingsViewController.swift; sourceTree = "<group>"; };
		8674B09A1FCDAF620070C0D0 /* settings.storyboard */ = {isa = PBXFileReference; lastKnownFileType = file.storyboard; path = settings.storyboard; sourceTree = "<group>"; };
		86D4C5501FCC5F2500D75DCC /* GoogleService-Info.plist */ = {isa = PBXFileReference; fileEncoding = 4; lastKnownFileType = text.plist.xml; path = "GoogleService-Info.plist"; sourceTree = "<group>"; };
		86D4C5561FCC678D00D75DCC /* Base */ = {isa = PBXFileReference; lastKnownFileType = file.storyboard; name = Base; path = Base.lproj/Main.storyboard; sourceTree = "<group>"; };
		86D4C5581FCC67F500D75DCC /* fikaright.storyboard */ = {isa = PBXFileReference; fileEncoding = 4; lastKnownFileType = file.storyboard; path = fikaright.storyboard; sourceTree = "<group>"; };
		86D4C55C1FCD4FDF00D75DCC /* GoFikaViewController.swift */ = {isa = PBXFileReference; fileEncoding = 4; lastKnownFileType = sourcecode.swift; path = GoFikaViewController.swift; sourceTree = "<group>"; };
		86D4C5611FCD561E00D75DCC /* FikarumViewController.swift */ = {isa = PBXFileReference; lastKnownFileType = sourcecode.swift; path = FikarumViewController.swift; sourceTree = "<group>"; };
		86D4C5631FCD576A00D75DCC /* FikarumPhotoCell.swift */ = {isa = PBXFileReference; fileEncoding = 4; lastKnownFileType = sourcecode.swift; path = FikarumPhotoCell.swift; sourceTree = "<group>"; };
		86D4C5651FCD59B400D75DCC /* inviteFriendViewController.swift */ = {isa = PBXFileReference; fileEncoding = 4; lastKnownFileType = sourcecode.swift; path = inviteFriendViewController.swift; sourceTree = "<group>"; };
		A732F69A1FB708C30096C287 /* SignUpViewController.swift */ = {isa = PBXFileReference; lastKnownFileType = sourcecode.swift; path = SignUpViewController.swift; sourceTree = "<group>"; };
		A732F69C1FB7104C0096C287 /* LoginViewController.swift */ = {isa = PBXFileReference; lastKnownFileType = sourcecode.swift; path = LoginViewController.swift; sourceTree = "<group>"; };
		A732F6A01FB71C340096C287 /* ResetPasswordViewController.swift */ = {isa = PBXFileReference; lastKnownFileType = sourcecode.swift; path = ResetPasswordViewController.swift; sourceTree = "<group>"; };
		A779BF951FC9DC7F00E0C1F4 /* fikit.entitlements */ = {isa = PBXFileReference; lastKnownFileType = text.plist.entitlements; path = fikit.entitlements; sourceTree = "<group>"; };
		A7A63E011FF64C0800D7B545 /* ProfileViewController.swift */ = {isa = PBXFileReference; lastKnownFileType = sourcecode.swift; path = ProfileViewController.swift; sourceTree = "<group>"; };
		A7AB19D51FF3E04C00F59B2C /* DataModel.swift */ = {isa = PBXFileReference; lastKnownFileType = sourcecode.swift; path = DataModel.swift; sourceTree = "<group>"; };
		A7E994E61FB23E1400566902 /* fikit */ = {isa = PBXFileReference; lastKnownFileType = folder; path = fikit; sourceTree = SOURCE_ROOT; };
		B4B00E6CAB2B3E47D577A335 /* Pods_fikitTests.framework */ = {isa = PBXFileReference; explicitFileType = wrapper.framework; includeInIndex = 0; path = Pods_fikitTests.framework; sourceTree = BUILT_PRODUCTS_DIR; };
/* End PBXFileReference section */

/* Begin PBXFrameworksBuildPhase section */
		8629F4C11FA75D5000DBD7F0 /* Frameworks */ = {
			isa = PBXFrameworksBuildPhase;
			buildActionMask = 2147483647;
			files = (
				5D255EF7E415E172A86A8F28 /* Pods_fikit.framework in Frameworks */,
			);
			runOnlyForDeploymentPostprocessing = 0;
		};
		8629F4D51FA75D5000DBD7F0 /* Frameworks */ = {
			isa = PBXFrameworksBuildPhase;
			buildActionMask = 2147483647;
			files = (
				9CF8F1D8E01D4CB0E9EA0034 /* Pods_fikitTests.framework in Frameworks */,
			);
			runOnlyForDeploymentPostprocessing = 0;
		};
/* End PBXFrameworksBuildPhase section */

/* Begin PBXGroup section */
		70BA8B6D2C0ADC63D92B2B15 /* Frameworks */ = {
			isa = PBXGroup;
			children = (
				1DD7E66F75ADD080D8981F4E /* Pods_fikit.framework */,
				B4B00E6CAB2B3E47D577A335 /* Pods_fikitTests.framework */,
			);
			name = Frameworks;
			sourceTree = "<group>";
		};
		84134DA17DC97C140E255854 /* Pods */ = {
			isa = PBXGroup;
			children = (
				38CD2F7268B04C14AFA5E0DD /* Pods-fikit.debug.xcconfig */,
				1F0BB4938FEE3DBB258506FA /* Pods-fikit.release.xcconfig */,
				818D8D457888BD3641C30237 /* Pods-fikitTests.debug.xcconfig */,
				1E8990673970279B41BBF0A2 /* Pods-fikitTests.release.xcconfig */,
			);
			name = Pods;
			sourceTree = "<group>";
		};
		8629F4BB1FA75D5000DBD7F0 = {
			isa = PBXGroup;
			children = (
				86D4C5501FCC5F2500D75DCC /* GoogleService-Info.plist */,
				8629F4C61FA75D5000DBD7F0 /* fikit */,
				8629F4DB1FA75D5000DBD7F0 /* fikitTests */,
				8629F4C51FA75D5000DBD7F0 /* Products */,
				84134DA17DC97C140E255854 /* Pods */,
				70BA8B6D2C0ADC63D92B2B15 /* Frameworks */,
			);
			sourceTree = "<group>";
		};
		8629F4C51FA75D5000DBD7F0 /* Products */ = {
			isa = PBXGroup;
			children = (
				8629F4C41FA75D5000DBD7F0 /* fikit.app */,
				8629F4D81FA75D5000DBD7F0 /* fikitTests.xctest */,
			);
			name = Products;
			sourceTree = "<group>";
		};
		8629F4C61FA75D5000DBD7F0 /* fikit */ = {
			isa = PBXGroup;
			children = (
				863A0FA91FF2668C00BCCD84 /* settings */,
				86D4C5521FCC643C00D75DCC /* loginControllers */,
				A779BF951FC9DC7F00E0C1F4 /* fikit.entitlements */,
				8629F4C71FA75D5000DBD7F0 /* AppDelegate.swift */,
				A7AB19D51FF3E04C00F59B2C /* DataModel.swift */,
				8629F4C91FA75D5000DBD7F0 /* ViewController.swift */,
				86D4C5551FCC678D00D75DCC /* Main.storyboard */,
				8629F4CE1FA75D5000DBD7F0 /* Assets.xcassets */,
				8629F4D01FA75D5000DBD7F0 /* LaunchScreen.storyboard */,
				86D4C5581FCC67F500D75DCC /* fikaright.storyboard */,
				8674B09A1FCDAF620070C0D0 /* settings.storyboard */,
				86D4C55E1FCD54C000D75DCC /* Fikarum */,
				8629F4D31FA75D5000DBD7F0 /* Info.plist */,
			);
			path = fikit;
			sourceTree = "<group>";
		};
		8629F4DB1FA75D5000DBD7F0 /* fikitTests */ = {
			isa = PBXGroup;
			children = (
				A7E994E61FB23E1400566902 /* fikit */,
				8629F4DC1FA75D5000DBD7F0 /* fikitTests.swift */,
				8629F4DE1FA75D5000DBD7F0 /* Info.plist */,
			);
			path = fikitTests;
			sourceTree = "<group>";
		};
		863A0FA91FF2668C00BCCD84 /* settings */ = {
			isa = PBXGroup;
			children = (
				863A0FB01FF2699100BCCD84 /* SettingsViewController.swift */,
				A7A63E011FF64C0800D7B545 /* ProfileViewController.swift */,
			);
			path = settings;
			sourceTree = "<group>";
		};
		86D4C5521FCC643C00D75DCC /* loginControllers */ = {
			isa = PBXGroup;
			children = (
				A732F69A1FB708C30096C287 /* SignUpViewController.swift */,
				A732F69C1FB7104C0096C287 /* LoginViewController.swift */,
				A732F6A01FB71C340096C287 /* ResetPasswordViewController.swift */,
			);
			path = loginControllers;
			sourceTree = "<group>";
		};
		86D4C55E1FCD54C000D75DCC /* Fikarum */ = {
			isa = PBXGroup;
			children = (
				86D4C5631FCD576A00D75DCC /* FikarumPhotoCell.swift */,
				86D4C5611FCD561E00D75DCC /* FikarumViewController.swift */,
				86D4C55C1FCD4FDF00D75DCC /* GoFikaViewController.swift */,
				86D4C5651FCD59B400D75DCC /* inviteFriendViewController.swift */,
			);
			path = Fikarum;
			sourceTree = "<group>";
		};
/* End PBXGroup section */

/* Begin PBXNativeTarget section */
		8629F4C31FA75D5000DBD7F0 /* fikit */ = {
			isa = PBXNativeTarget;
			buildConfigurationList = 8629F4E11FA75D5000DBD7F0 /* Build configuration list for PBXNativeTarget "fikit" */;
			buildPhases = (
				FE19090EFD03370E176742B6 /* [CP] Check Pods Manifest.lock */,
				8629F4C01FA75D5000DBD7F0 /* Sources */,
				8629F4C11FA75D5000DBD7F0 /* Frameworks */,
				8629F4C21FA75D5000DBD7F0 /* Resources */,
				4858BEE4736F835DAAFA35DB /* [CP] Embed Pods Frameworks */,
				F34758E535459FA5D148EC75 /* [CP] Copy Pods Resources */,
			);
			buildRules = (
			);
			dependencies = (
			);
			name = fikit;
			productName = fikit;
			productReference = 8629F4C41FA75D5000DBD7F0 /* fikit.app */;
			productType = "com.apple.product-type.application";
		};
		8629F4D71FA75D5000DBD7F0 /* fikitTests */ = {
			isa = PBXNativeTarget;
			buildConfigurationList = 8629F4E41FA75D5000DBD7F0 /* Build configuration list for PBXNativeTarget "fikitTests" */;
			buildPhases = (
				9F41FEED5ADFFC180D4D6D73 /* [CP] Check Pods Manifest.lock */,
				8629F4D41FA75D5000DBD7F0 /* Sources */,
				8629F4D51FA75D5000DBD7F0 /* Frameworks */,
				8629F4D61FA75D5000DBD7F0 /* Resources */,
				2AA2CDB683769440987C9FDC /* [CP] Embed Pods Frameworks */,
				19C52FFEDABF624D1020C88E /* [CP] Copy Pods Resources */,
			);
			buildRules = (
			);
			dependencies = (
				8629F4DA1FA75D5000DBD7F0 /* PBXTargetDependency */,
			);
			name = fikitTests;
			productName = fikitTests;
			productReference = 8629F4D81FA75D5000DBD7F0 /* fikitTests.xctest */;
			productType = "com.apple.product-type.bundle.unit-test";
		};
/* End PBXNativeTarget section */

/* Begin PBXProject section */
		8629F4BC1FA75D5000DBD7F0 /* Project object */ = {
			isa = PBXProject;
			attributes = {
				LastSwiftUpdateCheck = 0900;
				LastUpgradeCheck = 0900;
				TargetAttributes = {
					8629F4C31FA75D5000DBD7F0 = {
						CreatedOnToolsVersion = 9.0.1;
						ProvisioningStyle = Automatic;
						SystemCapabilities = {
							com.apple.Keychain = {
								enabled = 1;
							};
						};
					};
					8629F4D71FA75D5000DBD7F0 = {
						CreatedOnToolsVersion = 9.0.1;
						ProvisioningStyle = Automatic;
						TestTargetID = 8629F4C31FA75D5000DBD7F0;
					};
				};
			};
			buildConfigurationList = 8629F4BF1FA75D5000DBD7F0 /* Build configuration list for PBXProject "fikit" */;
			compatibilityVersion = "Xcode 8.0";
			developmentRegion = en;
			hasScannedForEncodings = 0;
			knownRegions = (
				en,
				Base,
			);
			mainGroup = 8629F4BB1FA75D5000DBD7F0;
			productRefGroup = 8629F4C51FA75D5000DBD7F0 /* Products */;
			projectDirPath = "";
			projectRoot = "";
			targets = (
				8629F4C31FA75D5000DBD7F0 /* fikit */,
				8629F4D71FA75D5000DBD7F0 /* fikitTests */,
			);
		};
/* End PBXProject section */

/* Begin PBXResourcesBuildPhase section */
		8629F4C21FA75D5000DBD7F0 /* Resources */ = {
			isa = PBXResourcesBuildPhase;
			buildActionMask = 2147483647;
			files = (
				86D4C5591FCC67F500D75DCC /* fikaright.storyboard in Resources */,
				8674B09B1FCDAF620070C0D0 /* settings.storyboard in Resources */,
				8629F4D21FA75D5000DBD7F0 /* LaunchScreen.storyboard in Resources */,
				86D4C5571FCC678D00D75DCC /* Main.storyboard in Resources */,
				86D4C5511FCC5F2500D75DCC /* GoogleService-Info.plist in Resources */,
				8629F4CF1FA75D5000DBD7F0 /* Assets.xcassets in Resources */,
			);
			runOnlyForDeploymentPostprocessing = 0;
		};
		8629F4D61FA75D5000DBD7F0 /* Resources */ = {
			isa = PBXResourcesBuildPhase;
			buildActionMask = 2147483647;
			files = (
				A7E994E71FB23E1400566902 /* fikit in Resources */,
			);
			runOnlyForDeploymentPostprocessing = 0;
		};
/* End PBXResourcesBuildPhase section */

/* Begin PBXShellScriptBuildPhase section */
		19C52FFEDABF624D1020C88E /* [CP] Copy Pods Resources */ = {
			isa = PBXShellScriptBuildPhase;
			buildActionMask = 2147483647;
			files = (
			);
			inputPaths = (
			);
			name = "[CP] Copy Pods Resources";
			outputPaths = (
			);
			runOnlyForDeploymentPostprocessing = 0;
			shellPath = /bin/sh;
			shellScript = "\"${SRCROOT}/Pods/Target Support Files/Pods-fikitTests/Pods-fikitTests-resources.sh\"\n";
			showEnvVarsInLog = 0;
		};
		2AA2CDB683769440987C9FDC /* [CP] Embed Pods Frameworks */ = {
			isa = PBXShellScriptBuildPhase;
			buildActionMask = 2147483647;
			files = (
			);
			inputPaths = (
			);
			name = "[CP] Embed Pods Frameworks";
			outputPaths = (
			);
			runOnlyForDeploymentPostprocessing = 0;
			shellPath = /bin/sh;
			shellScript = "\"${SRCROOT}/Pods/Target Support Files/Pods-fikitTests/Pods-fikitTests-frameworks.sh\"\n";
			showEnvVarsInLog = 0;
		};
		4858BEE4736F835DAAFA35DB /* [CP] Embed Pods Frameworks */ = {
			isa = PBXShellScriptBuildPhase;
			buildActionMask = 2147483647;
			files = (
			);
			inputPaths = (
				"${SRCROOT}/Pods/Target Support Files/Pods-fikit/Pods-fikit-frameworks.sh",
				"${BUILT_PRODUCTS_DIR}/Bolts/Bolts.framework",
				"${BUILT_PRODUCTS_DIR}/FBSDKCoreKit/FBSDKCoreKit.framework",
				"${BUILT_PRODUCTS_DIR}/FBSDKLoginKit/FBSDKLoginKit.framework",
				"${BUILT_PRODUCTS_DIR}/FBSDKShareKit/FBSDKShareKit.framework",
				"${BUILT_PRODUCTS_DIR}/FacebookCore/FacebookCore.framework",
				"${BUILT_PRODUCTS_DIR}/FacebookLogin/FacebookLogin.framework",
				"${BUILT_PRODUCTS_DIR}/FacebookShare/FacebookShare.framework",
				"${BUILT_PRODUCTS_DIR}/GTMSessionFetcher/GTMSessionFetcher.framework",
				"${BUILT_PRODUCTS_DIR}/GoogleToolboxForMac/GoogleToolboxForMac.framework",
				"${BUILT_PRODUCTS_DIR}/leveldb-library/leveldb.framework",
				"${BUILT_PRODUCTS_DIR}/nanopb/nanopb.framework",
			);
			name = "[CP] Embed Pods Frameworks";
			outputPaths = (
				"${TARGET_BUILD_DIR}/${FRAMEWORKS_FOLDER_PATH}/Bolts.framework",
				"${TARGET_BUILD_DIR}/${FRAMEWORKS_FOLDER_PATH}/FBSDKCoreKit.framework",
				"${TARGET_BUILD_DIR}/${FRAMEWORKS_FOLDER_PATH}/FBSDKLoginKit.framework",
				"${TARGET_BUILD_DIR}/${FRAMEWORKS_FOLDER_PATH}/FBSDKShareKit.framework",
				"${TARGET_BUILD_DIR}/${FRAMEWORKS_FOLDER_PATH}/FacebookCore.framework",
				"${TARGET_BUILD_DIR}/${FRAMEWORKS_FOLDER_PATH}/FacebookLogin.framework",
				"${TARGET_BUILD_DIR}/${FRAMEWORKS_FOLDER_PATH}/FacebookShare.framework",
				"${TARGET_BUILD_DIR}/${FRAMEWORKS_FOLDER_PATH}/GTMSessionFetcher.framework",
				"${TARGET_BUILD_DIR}/${FRAMEWORKS_FOLDER_PATH}/GoogleToolboxForMac.framework",
				"${TARGET_BUILD_DIR}/${FRAMEWORKS_FOLDER_PATH}/leveldb.framework",
				"${TARGET_BUILD_DIR}/${FRAMEWORKS_FOLDER_PATH}/nanopb.framework",
			);
			runOnlyForDeploymentPostprocessing = 0;
			shellPath = /bin/sh;
			shellScript = "\"${SRCROOT}/Pods/Target Support Files/Pods-fikit/Pods-fikit-frameworks.sh\"\n";
			showEnvVarsInLog = 0;
		};
		9F41FEED5ADFFC180D4D6D73 /* [CP] Check Pods Manifest.lock */ = {
			isa = PBXShellScriptBuildPhase;
			buildActionMask = 2147483647;
			files = (
			);
			inputPaths = (
				"${PODS_PODFILE_DIR_PATH}/Podfile.lock",
				"${PODS_ROOT}/Manifest.lock",
			);
			name = "[CP] Check Pods Manifest.lock";
			outputPaths = (
				"$(DERIVED_FILE_DIR)/Pods-fikitTests-checkManifestLockResult.txt",
			);
			runOnlyForDeploymentPostprocessing = 0;
			shellPath = /bin/sh;
			shellScript = "diff \"${PODS_PODFILE_DIR_PATH}/Podfile.lock\" \"${PODS_ROOT}/Manifest.lock\" > /dev/null\nif [ $? != 0 ] ; then\n    # print error to STDERR\n    echo \"error: The sandbox is not in sync with the Podfile.lock. Run 'pod install' or update your CocoaPods installation.\" >&2\n    exit 1\nfi\n# This output is used by Xcode 'outputs' to avoid re-running this script phase.\necho \"SUCCESS\" > \"${SCRIPT_OUTPUT_FILE_0}\"\n";
			showEnvVarsInLog = 0;
		};
		F34758E535459FA5D148EC75 /* [CP] Copy Pods Resources */ = {
			isa = PBXShellScriptBuildPhase;
			buildActionMask = 2147483647;
			files = (
			);
			inputPaths = (
			);
			name = "[CP] Copy Pods Resources";
			outputPaths = (
			);
			runOnlyForDeploymentPostprocessing = 0;
			shellPath = /bin/sh;
			shellScript = "\"${SRCROOT}/Pods/Target Support Files/Pods-fikit/Pods-fikit-resources.sh\"\n";
			showEnvVarsInLog = 0;
		};
		FE19090EFD03370E176742B6 /* [CP] Check Pods Manifest.lock */ = {
			isa = PBXShellScriptBuildPhase;
			buildActionMask = 2147483647;
			files = (
			);
			inputPaths = (
				"${PODS_PODFILE_DIR_PATH}/Podfile.lock",
				"${PODS_ROOT}/Manifest.lock",
			);
			name = "[CP] Check Pods Manifest.lock";
			outputPaths = (
				"$(DERIVED_FILE_DIR)/Pods-fikit-checkManifestLockResult.txt",
			);
			runOnlyForDeploymentPostprocessing = 0;
			shellPath = /bin/sh;
			shellScript = "diff \"${PODS_PODFILE_DIR_PATH}/Podfile.lock\" \"${PODS_ROOT}/Manifest.lock\" > /dev/null\nif [ $? != 0 ] ; then\n    # print error to STDERR\n    echo \"error: The sandbox is not in sync with the Podfile.lock. Run 'pod install' or update your CocoaPods installation.\" >&2\n    exit 1\nfi\n# This output is used by Xcode 'outputs' to avoid re-running this script phase.\necho \"SUCCESS\" > \"${SCRIPT_OUTPUT_FILE_0}\"\n";
			showEnvVarsInLog = 0;
		};
/* End PBXShellScriptBuildPhase section */

/* Begin PBXSourcesBuildPhase section */
		8629F4C01FA75D5000DBD7F0 /* Sources */ = {
			isa = PBXSourcesBuildPhase;
			buildActionMask = 2147483647;
			files = (
				86D4C5671FCD59B500D75DCC /* inviteFriendViewController.swift in Sources */,
				86D4C55D1FCD4FDF00D75DCC /* GoFikaViewController.swift in Sources */,
				863A0FB11FF2699100BCCD84 /* SettingsViewController.swift in Sources */,
				8629F4CA1FA75D5000DBD7F0 /* ViewController.swift in Sources */,
				8629F4C81FA75D5000DBD7F0 /* AppDelegate.swift in Sources */,
				A7AB19D61FF3E04D00F59B2C /* DataModel.swift in Sources */,
				A732F69D1FB7104D0096C287 /* LoginViewController.swift in Sources */,
				86D4C5621FCD561E00D75DCC /* FikarumViewController.swift in Sources */,
				86D4C5641FCD576A00D75DCC /* FikarumPhotoCell.swift in Sources */,
				A732F69B1FB708C30096C287 /* SignUpViewController.swift in Sources */,
				A7A63E021FF64C0800D7B545 /* ProfileViewController.swift in Sources */,
				A732F6A11FB71C340096C287 /* ResetPasswordViewController.swift in Sources */,
			);
			runOnlyForDeploymentPostprocessing = 0;
		};
		8629F4D41FA75D5000DBD7F0 /* Sources */ = {
			isa = PBXSourcesBuildPhase;
			buildActionMask = 2147483647;
			files = (
				8629F4DD1FA75D5000DBD7F0 /* fikitTests.swift in Sources */,
			);
			runOnlyForDeploymentPostprocessing = 0;
		};
/* End PBXSourcesBuildPhase section */

/* Begin PBXTargetDependency section */
		8629F4DA1FA75D5000DBD7F0 /* PBXTargetDependency */ = {
			isa = PBXTargetDependency;
			target = 8629F4C31FA75D5000DBD7F0 /* fikit */;
			targetProxy = 8629F4D91FA75D5000DBD7F0 /* PBXContainerItemProxy */;
		};
/* End PBXTargetDependency section */

/* Begin PBXVariantGroup section */
		8629F4D01FA75D5000DBD7F0 /* LaunchScreen.storyboard */ = {
			isa = PBXVariantGroup;
			children = (
				8629F4D11FA75D5000DBD7F0 /* Base */,
			);
			name = LaunchScreen.storyboard;
			sourceTree = "<group>";
		};
		86D4C5551FCC678D00D75DCC /* Main.storyboard */ = {
			isa = PBXVariantGroup;
			children = (
				86D4C5561FCC678D00D75DCC /* Base */,
			);
			name = Main.storyboard;
			sourceTree = "<group>";
		};
/* End PBXVariantGroup section */

/* Begin XCBuildConfiguration section */
		8629F4DF1FA75D5000DBD7F0 /* Debug */ = {
			isa = XCBuildConfiguration;
			buildSettings = {
				ALWAYS_SEARCH_USER_PATHS = NO;
				CLANG_ANALYZER_NONNULL = YES;
				CLANG_ANALYZER_NUMBER_OBJECT_CONVERSION = YES_AGGRESSIVE;
				CLANG_CXX_LANGUAGE_STANDARD = "gnu++14";
				CLANG_CXX_LIBRARY = "libc++";
				CLANG_ENABLE_MODULES = YES;
				CLANG_ENABLE_OBJC_ARC = YES;
				CLANG_WARN_BLOCK_CAPTURE_AUTORELEASING = YES;
				CLANG_WARN_BOOL_CONVERSION = YES;
				CLANG_WARN_COMMA = YES;
				CLANG_WARN_CONSTANT_CONVERSION = YES;
				CLANG_WARN_DIRECT_OBJC_ISA_USAGE = YES_ERROR;
				CLANG_WARN_DOCUMENTATION_COMMENTS = YES;
				CLANG_WARN_EMPTY_BODY = YES;
				CLANG_WARN_ENUM_CONVERSION = YES;
				CLANG_WARN_INFINITE_RECURSION = YES;
				CLANG_WARN_INT_CONVERSION = YES;
				CLANG_WARN_NON_LITERAL_NULL_CONVERSION = YES;
				CLANG_WARN_OBJC_LITERAL_CONVERSION = YES;
				CLANG_WARN_OBJC_ROOT_CLASS = YES_ERROR;
				CLANG_WARN_RANGE_LOOP_ANALYSIS = YES;
				CLANG_WARN_STRICT_PROTOTYPES = YES;
				CLANG_WARN_SUSPICIOUS_MOVE = YES;
				CLANG_WARN_UNGUARDED_AVAILABILITY = YES_AGGRESSIVE;
				CLANG_WARN_UNREACHABLE_CODE = YES;
				CLANG_WARN__DUPLICATE_METHOD_MATCH = YES;
				CODE_SIGN_IDENTITY = "iPhone Developer";
				COPY_PHASE_STRIP = NO;
				DEBUG_INFORMATION_FORMAT = dwarf;
				ENABLE_STRICT_OBJC_MSGSEND = YES;
				ENABLE_TESTABILITY = YES;
				GCC_C_LANGUAGE_STANDARD = gnu11;
				GCC_DYNAMIC_NO_PIC = NO;
				GCC_NO_COMMON_BLOCKS = YES;
				GCC_OPTIMIZATION_LEVEL = 0;
				GCC_PREPROCESSOR_DEFINITIONS = (
					"DEBUG=1",
					"$(inherited)",
				);
				GCC_WARN_64_TO_32_BIT_CONVERSION = YES;
				GCC_WARN_ABOUT_RETURN_TYPE = YES_ERROR;
				GCC_WARN_UNDECLARED_SELECTOR = YES;
				GCC_WARN_UNINITIALIZED_AUTOS = YES_AGGRESSIVE;
				GCC_WARN_UNUSED_FUNCTION = YES;
				GCC_WARN_UNUSED_VARIABLE = YES;
				IPHONEOS_DEPLOYMENT_TARGET = 11.0;
				MTL_ENABLE_DEBUG_INFO = YES;
				ONLY_ACTIVE_ARCH = YES;
				SDKROOT = iphoneos;
				SWIFT_ACTIVE_COMPILATION_CONDITIONS = DEBUG;
				SWIFT_OPTIMIZATION_LEVEL = "-Onone";
			};
			name = Debug;
		};
		8629F4E01FA75D5000DBD7F0 /* Release */ = {
			isa = XCBuildConfiguration;
			buildSettings = {
				ALWAYS_SEARCH_USER_PATHS = NO;
				CLANG_ANALYZER_NONNULL = YES;
				CLANG_ANALYZER_NUMBER_OBJECT_CONVERSION = YES_AGGRESSIVE;
				CLANG_CXX_LANGUAGE_STANDARD = "gnu++14";
				CLANG_CXX_LIBRARY = "libc++";
				CLANG_ENABLE_MODULES = YES;
				CLANG_ENABLE_OBJC_ARC = YES;
				CLANG_WARN_BLOCK_CAPTURE_AUTORELEASING = YES;
				CLANG_WARN_BOOL_CONVERSION = YES;
				CLANG_WARN_COMMA = YES;
				CLANG_WARN_CONSTANT_CONVERSION = YES;
				CLANG_WARN_DIRECT_OBJC_ISA_USAGE = YES_ERROR;
				CLANG_WARN_DOCUMENTATION_COMMENTS = YES;
				CLANG_WARN_EMPTY_BODY = YES;
				CLANG_WARN_ENUM_CONVERSION = YES;
				CLANG_WARN_INFINITE_RECURSION = YES;
				CLANG_WARN_INT_CONVERSION = YES;
				CLANG_WARN_NON_LITERAL_NULL_CONVERSION = YES;
				CLANG_WARN_OBJC_LITERAL_CONVERSION = YES;
				CLANG_WARN_OBJC_ROOT_CLASS = YES_ERROR;
				CLANG_WARN_RANGE_LOOP_ANALYSIS = YES;
				CLANG_WARN_STRICT_PROTOTYPES = YES;
				CLANG_WARN_SUSPICIOUS_MOVE = YES;
				CLANG_WARN_UNGUARDED_AVAILABILITY = YES_AGGRESSIVE;
				CLANG_WARN_UNREACHABLE_CODE = YES;
				CLANG_WARN__DUPLICATE_METHOD_MATCH = YES;
				CODE_SIGN_IDENTITY = "iPhone Developer";
				COPY_PHASE_STRIP = NO;
				DEBUG_INFORMATION_FORMAT = "dwarf-with-dsym";
				ENABLE_NS_ASSERTIONS = NO;
				ENABLE_STRICT_OBJC_MSGSEND = YES;
				GCC_C_LANGUAGE_STANDARD = gnu11;
				GCC_NO_COMMON_BLOCKS = YES;
				GCC_WARN_64_TO_32_BIT_CONVERSION = YES;
				GCC_WARN_ABOUT_RETURN_TYPE = YES_ERROR;
				GCC_WARN_UNDECLARED_SELECTOR = YES;
				GCC_WARN_UNINITIALIZED_AUTOS = YES_AGGRESSIVE;
				GCC_WARN_UNUSED_FUNCTION = YES;
				GCC_WARN_UNUSED_VARIABLE = YES;
				IPHONEOS_DEPLOYMENT_TARGET = 11.0;
				MTL_ENABLE_DEBUG_INFO = NO;
				SDKROOT = iphoneos;
				SWIFT_OPTIMIZATION_LEVEL = "-Owholemodule";
				VALIDATE_PRODUCT = YES;
			};
			name = Release;
		};
		8629F4E21FA75D5000DBD7F0 /* Debug */ = {
			isa = XCBuildConfiguration;
			baseConfigurationReference = 38CD2F7268B04C14AFA5E0DD /* Pods-fikit.debug.xcconfig */;
			buildSettings = {
				ASSETCATALOG_COMPILER_APPICON_NAME = AppIcon;
				CLANG_WARN_STRICT_PROTOTYPES = NO;
				CODE_SIGN_ENTITLEMENTS = fikit/fikit.entitlements;
				CODE_SIGN_STYLE = Automatic;
				DEVELOPMENT_TEAM = "";
				INFOPLIST_FILE = fikit/Info.plist;
				LD_RUNPATH_SEARCH_PATHS = "$(inherited) @executable_path/Frameworks";
				PRODUCT_BUNDLE_IDENTIFIER = com.example.fikit;
				PRODUCT_NAME = "$(TARGET_NAME)";
				SWIFT_VERSION = 4.0;
				TARGETED_DEVICE_FAMILY = "1,2";
			};
			name = Debug;
		};
		8629F4E31FA75D5000DBD7F0 /* Release */ = {
			isa = XCBuildConfiguration;
			baseConfigurationReference = 1F0BB4938FEE3DBB258506FA /* Pods-fikit.release.xcconfig */;
			buildSettings = {
				ASSETCATALOG_COMPILER_APPICON_NAME = AppIcon;
				CLANG_WARN_STRICT_PROTOTYPES = NO;
				CODE_SIGN_ENTITLEMENTS = fikit/fikit.entitlements;
				CODE_SIGN_STYLE = Automatic;
				DEVELOPMENT_TEAM = "";
				INFOPLIST_FILE = fikit/Info.plist;
				LD_RUNPATH_SEARCH_PATHS = "$(inherited) @executable_path/Frameworks";
				PRODUCT_BUNDLE_IDENTIFIER = com.example.fikit;
				PRODUCT_NAME = "$(TARGET_NAME)";
				SWIFT_VERSION = 4.0;
				TARGETED_DEVICE_FAMILY = "1,2";
			};
			name = Release;
		};
		8629F4E51FA75D5000DBD7F0 /* Debug */ = {
			isa = XCBuildConfiguration;
			baseConfigurationReference = 818D8D457888BD3641C30237 /* Pods-fikitTests.debug.xcconfig */;
			buildSettings = {
				ALWAYS_EMBED_SWIFT_STANDARD_LIBRARIES = YES;
				BUNDLE_LOADER = "$(TEST_HOST)";
				CODE_SIGN_STYLE = Automatic;
				INFOPLIST_FILE = fikitTests/Info.plist;
				LD_RUNPATH_SEARCH_PATHS = "$(inherited) @executable_path/Frameworks @loader_path/Frameworks";
				PRODUCT_BUNDLE_IDENTIFIER = com.example.fikitTests;
				PRODUCT_NAME = "$(TARGET_NAME)";
				SWIFT_VERSION = 4.0;
				TARGETED_DEVICE_FAMILY = "1,2";
				TEST_HOST = "$(BUILT_PRODUCTS_DIR)/fikit.app/fikit";
			};
			name = Debug;
		};
		8629F4E61FA75D5000DBD7F0 /* Release */ = {
			isa = XCBuildConfiguration;
			baseConfigurationReference = 1E8990673970279B41BBF0A2 /* Pods-fikitTests.release.xcconfig */;
			buildSettings = {
				ALWAYS_EMBED_SWIFT_STANDARD_LIBRARIES = YES;
				BUNDLE_LOADER = "$(TEST_HOST)";
				CODE_SIGN_STYLE = Automatic;
				INFOPLIST_FILE = fikitTests/Info.plist;
				LD_RUNPATH_SEARCH_PATHS = "$(inherited) @executable_path/Frameworks @loader_path/Frameworks";
				PRODUCT_BUNDLE_IDENTIFIER = com.example.fikitTests;
				PRODUCT_NAME = "$(TARGET_NAME)";
				SWIFT_VERSION = 4.0;
				TARGETED_DEVICE_FAMILY = "1,2";
				TEST_HOST = "$(BUILT_PRODUCTS_DIR)/fikit.app/fikit";
			};
			name = Release;
		};
/* End XCBuildConfiguration section */

/* Begin XCConfigurationList section */
		8629F4BF1FA75D5000DBD7F0 /* Build configuration list for PBXProject "fikit" */ = {
			isa = XCConfigurationList;
			buildConfigurations = (
				8629F4DF1FA75D5000DBD7F0 /* Debug */,
				8629F4E01FA75D5000DBD7F0 /* Release */,
			);
			defaultConfigurationIsVisible = 0;
			defaultConfigurationName = Release;
		};
		8629F4E11FA75D5000DBD7F0 /* Build configuration list for PBXNativeTarget "fikit" */ = {
			isa = XCConfigurationList;
			buildConfigurations = (
				8629F4E21FA75D5000DBD7F0 /* Debug */,
				8629F4E31FA75D5000DBD7F0 /* Release */,
			);
			defaultConfigurationIsVisible = 0;
			defaultConfigurationName = Release;
		};
		8629F4E41FA75D5000DBD7F0 /* Build configuration list for PBXNativeTarget "fikitTests" */ = {
			isa = XCConfigurationList;
			buildConfigurations = (
				8629F4E51FA75D5000DBD7F0 /* Debug */,
				8629F4E61FA75D5000DBD7F0 /* Release */,
			);
			defaultConfigurationIsVisible = 0;
			defaultConfigurationName = Release;
		};
/* End XCConfigurationList section */
	};
	rootObject = 8629F4BC1FA75D5000DBD7F0 /* Project object */;
}
